
Microsoft Visual Studio Solution File, Format Version 12.00
# Visual Studio 2012
Project("{FAE04EC0-301F-11D3-BF4B-00C04F79EFBC}") = "DemoTemplate", "DemoTemplate\DemoTemplate.csproj", "{6652BA0B-BA41-498A-B1ED-189B1CA8995C}"
EndProject
Global
	GlobalSection(SolutionConfigurationPlatforms) = preSolution
		Debug|Any CPU = Debug|Any CPU
		Release|Any CPU = Release|Any CPU
	EndGlobalSection
	GlobalSection(ProjectConfigurationPlatforms) = postSolution
		{6652BA0B-BA41-498A-B1ED-189B1CA8995C}.Debug|Any CPU.ActiveCfg = Debug|Any CPU
		{6652BA0B-BA41-498A-B1ED-189B1CA8995C}.Debug|Any CPU.Build.0 = Debug|Any CPU
		{6652BA0B-BA41-498A-B1ED-189B1CA8995C}.Release|Any CPU.ActiveCfg = Release|Any CPU
		{6652BA0B-BA41-498A-B1ED-189B1CA8995C}.Release|Any CPU.Build.0 = Release|Any CPU
	EndGlobalSection
	GlobalSection(SolutionProperties) = preSolution
		HideSolutionNode = FALSE
	EndGlobalSection
EndGlobal
